// !$*UTF8*$!
{
	archiveVersion = 1;
	classes = {
	};
	objectVersion = 55;
	objects = {

/* Begin PBXBuildFile section */
		F460D5D82876BDF5009F3C31 /* RxDataSources in Frameworks */ = {isa = PBXBuildFile; productRef = F460D5D72876BDF5009F3C31 /* RxDataSources */; };
		F460D5DC2877270B009F3C31 /* SummonerInfoCell.swift in Sources */ = {isa = PBXBuildFile; fileRef = F460D5DB2877270B009F3C31 /* SummonerInfoCell.swift */; };
		F460D5DF287727BE009F3C31 /* NSObject+Extensions.swift in Sources */ = {isa = PBXBuildFile; fileRef = F460D5DE287727BE009F3C31 /* NSObject+Extensions.swift */; };
		F460D5E12877D01A009F3C31 /* SummonerTierCell.swift in Sources */ = {isa = PBXBuildFile; fileRef = F460D5E02877D01A009F3C31 /* SummonerTierCell.swift */; };
		F460D5E52877FF88009F3C31 /* SummonerTierSectionCell.swift in Sources */ = {isa = PBXBuildFile; fileRef = F460D5E42877FF88009F3C31 /* SummonerTierSectionCell.swift */; };
		F460D5E7287806F2009F3C31 /* SummonerAnalysisCell.swift in Sources */ = {isa = PBXBuildFile; fileRef = F460D5E6287806F2009F3C31 /* SummonerAnalysisCell.swift */; };
		F460D5E928780CEF009F3C31 /* SummonerGameCell.swift in Sources */ = {isa = PBXBuildFile; fileRef = F460D5E828780CEF009F3C31 /* SummonerGameCell.swift */; };
		F460D5EC28780F46009F3C31 /* GameResultView.swift in Sources */ = {isa = PBXBuildFile; fileRef = F460D5EB28780F46009F3C31 /* GameResultView.swift */; };
		F460D5EE28781715009F3C31 /* GameBottomInfoView.swift in Sources */ = {isa = PBXBuildFile; fileRef = F460D5ED28781715009F3C31 /* GameBottomInfoView.swift */; };
		F460D5F028782099009F3C31 /* GameTopInfoView.swift in Sources */ = {isa = PBXBuildFile; fileRef = F460D5EF28782099009F3C31 /* GameTopInfoView.swift */; };
		F460D5F228782707009F3C31 /* KDAInfoView.swift in Sources */ = {isa = PBXBuildFile; fileRef = F460D5F128782707009F3C31 /* KDAInfoView.swift */; };
		F460D5F428782BAB009F3C31 /* GameTimeView.swift in Sources */ = {isa = PBXBuildFile; fileRef = F460D5F328782BAA009F3C31 /* GameTimeView.swift */; };
		F460D5F728782FF0009F3C31 /* PaddingLabel.swift in Sources */ = {isa = PBXBuildFile; fileRef = F460D5F628782FF0009F3C31 /* PaddingLabel.swift */; };
		F460D5F928786DF2009F3C31 /* UIImageView+Extensions.swift in Sources */ = {isa = PBXBuildFile; fileRef = F460D5F828786DF2009F3C31 /* UIImageView+Extensions.swift */; };
		F460D5FC28786E15009F3C31 /* Kingfisher in Frameworks */ = {isa = PBXBuildFile; productRef = F460D5FB28786E15009F3C31 /* Kingfisher */; };
		F460D5FE28786E7E009F3C31 /* ImageError.swift in Sources */ = {isa = PBXBuildFile; fileRef = F460D5FD28786E7E009F3C31 /* ImageError.swift */; };
		F460D603287943B0009F3C31 /* RecentGameAnalysisView.swift in Sources */ = {isa = PBXBuildFile; fileRef = F460D602287943B0009F3C31 /* RecentGameAnalysisView.swift */; };
		F460D60728794894009F3C31 /* MostWinningView.swift in Sources */ = {isa = PBXBuildFile; fileRef = F460D60628794894009F3C31 /* MostWinningView.swift */; };
		F460D609287949DD009F3C31 /* WinningRateView.swift in Sources */ = {isa = PBXBuildFile; fileRef = F460D608287949DD009F3C31 /* WinningRateView.swift */; };
		F460D60B28794FD9009F3C31 /* MostPositionView.swift in Sources */ = {isa = PBXBuildFile; fileRef = F460D60A28794FD8009F3C31 /* MostPositionView.swift */; };
		F460D60D28795A37009F3C31 /* ImageViewWithLevel.swift in Sources */ = {isa = PBXBuildFile; fileRef = F460D60C28795A37009F3C31 /* ImageViewWithLevel.swift */; };
		F460D60F287962F8009F3C31 /* RightArrowView.swift in Sources */ = {isa = PBXBuildFile; fileRef = F460D60E287962F8009F3C31 /* RightArrowView.swift */; };
		F498E2E7287036E2008E647B /* AppDelegate.swift in Sources */ = {isa = PBXBuildFile; fileRef = F498E2E6287036E2008E647B /* AppDelegate.swift */; };
		F498E2EB287036E2008E647B /* SummonerViewController.swift in Sources */ = {isa = PBXBuildFile; fileRef = F498E2EA287036E2008E647B /* SummonerViewController.swift */; };
		F498E2F0287036E4008E647B /* Assets.xcassets in Resources */ = {isa = PBXBuildFile; fileRef = F498E2EF287036E4008E647B /* Assets.xcassets */; };
		F498E2F3287036E4008E647B /* LaunchScreen.storyboard in Resources */ = {isa = PBXBuildFile; fileRef = F498E2F1287036E4008E647B /* LaunchScreen.storyboard */; };
		F4FEA9BF2870392900C5CBC2 /* BaseViewController.swift in Sources */ = {isa = PBXBuildFile; fileRef = F4FEA9BE2870392900C5CBC2 /* BaseViewController.swift */; };
		F4FEA9C22870396400C5CBC2 /* SnapKit in Frameworks */ = {isa = PBXBuildFile; productRef = F4FEA9C12870396400C5CBC2 /* SnapKit */; };
		F4FEA9C52870398900C5CBC2 /* RxCocoa in Frameworks */ = {isa = PBXBuildFile; productRef = F4FEA9C42870398900C5CBC2 /* RxCocoa */; };
		F4FEA9C72870398900C5CBC2 /* RxSwift in Frameworks */ = {isa = PBXBuildFile; productRef = F4FEA9C62870398900C5CBC2 /* RxSwift */; };
		F4FEA9CA287039BC00C5CBC2 /* Moya in Frameworks */ = {isa = PBXBuildFile; productRef = F4FEA9C9287039BC00C5CBC2 /* Moya */; };
		F4FEA9CC287039BC00C5CBC2 /* ReactiveMoya in Frameworks */ = {isa = PBXBuildFile; productRef = F4FEA9CB287039BC00C5CBC2 /* ReactiveMoya */; };
		F4FEA9CE287039BC00C5CBC2 /* RxMoya in Frameworks */ = {isa = PBXBuildFile; productRef = F4FEA9CD287039BC00C5CBC2 /* RxMoya */; };
		F4FEA9D1287039D100C5CBC2 /* RxOptional in Frameworks */ = {isa = PBXBuildFile; productRef = F4FEA9D0287039D100C5CBC2 /* RxOptional */; };
		F4FEA9D328703EF500C5CBC2 /* Constant.swift in Sources */ = {isa = PBXBuildFile; fileRef = F4FEA9D228703EF400C5CBC2 /* Constant.swift */; };
		F4FEA9D628703F8100C5CBC2 /* SummonerRouter.swift in Sources */ = {isa = PBXBuildFile; fileRef = F4FEA9D528703F8100C5CBC2 /* SummonerRouter.swift */; };
		F4FEA9D92870407900C5CBC2 /* Summoner.swift in Sources */ = {isa = PBXBuildFile; fileRef = F4FEA9D82870407800C5CBC2 /* Summoner.swift */; };
		F4FEA9DB2870423500C5CBC2 /* GameOfSummoner.swift in Sources */ = {isa = PBXBuildFile; fileRef = F4FEA9DA2870423500C5CBC2 /* GameOfSummoner.swift */; };
		F4FEA9DE287047B200C5CBC2 /* OPScoreBadge.swift in Sources */ = {isa = PBXBuildFile; fileRef = F4FEA9DD287047B200C5CBC2 /* OPScoreBadge.swift */; };
		F4FEA9E0287047D000C5CBC2 /* MostChampion.swift in Sources */ = {isa = PBXBuildFile; fileRef = F4FEA9DF287047D000C5CBC2 /* MostChampion.swift */; };
		F4FEA9E2287047D500C5CBC2 /* Game.swift in Sources */ = {isa = PBXBuildFile; fileRef = F4FEA9E1287047D500C5CBC2 /* Game.swift */; };
		F4FEA9E628706AA300C5CBC2 /* SummonerRepository.swift in Sources */ = {isa = PBXBuildFile; fileRef = F4FEA9E528706AA300C5CBC2 /* SummonerRepository.swift */; };
		F4FEA9E928706BC200C5CBC2 /* Moya+Rx.swift in Sources */ = {isa = PBXBuildFile; fileRef = F4FEA9E828706BC200C5CBC2 /* Moya+Rx.swift */; };
		F4FEA9EC28706C0600C5CBC2 /* NetworkError.swift in Sources */ = {isa = PBXBuildFile; fileRef = F4FEA9EB28706C0600C5CBC2 /* NetworkError.swift */; };
		F4FEA9EE28706C3800C5CBC2 /* SummonerService.swift in Sources */ = {isa = PBXBuildFile; fileRef = F4FEA9ED28706C3800C5CBC2 /* SummonerService.swift */; };
		F4FEA9F128706D6E00C5CBC2 /* SummonerViewModel.swift in Sources */ = {isa = PBXBuildFile; fileRef = F4FEA9F028706D6E00C5CBC2 /* SummonerViewModel.swift */; };
		F4FEA9F32870708C00C5CBC2 /* UIViewController+Rx.swift in Sources */ = {isa = PBXBuildFile; fileRef = F4FEA9F22870708C00C5CBC2 /* UIViewController+Rx.swift */; };
/* End PBXBuildFile section */

/* Begin PBXFileReference section */
		F460D5DB2877270B009F3C31 /* SummonerInfoCell.swift */ = {isa = PBXFileReference; lastKnownFileType = sourcecode.swift; path = SummonerInfoCell.swift; sourceTree = "<group>"; };
		F460D5DE287727BE009F3C31 /* NSObject+Extensions.swift */ = {isa = PBXFileReference; lastKnownFileType = sourcecode.swift; path = "NSObject+Extensions.swift"; sourceTree = "<group>"; };
		F460D5E02877D01A009F3C31 /* SummonerTierCell.swift */ = {isa = PBXFileReference; lastKnownFileType = sourcecode.swift; path = SummonerTierCell.swift; sourceTree = "<group>"; };
		F460D5E42877FF88009F3C31 /* SummonerTierSectionCell.swift */ = {isa = PBXFileReference; lastKnownFileType = sourcecode.swift; path = SummonerTierSectionCell.swift; sourceTree = "<group>"; };
		F460D5E6287806F2009F3C31 /* SummonerAnalysisCell.swift */ = {isa = PBXFileReference; lastKnownFileType = sourcecode.swift; path = SummonerAnalysisCell.swift; sourceTree = "<group>"; };
		F460D5E828780CEF009F3C31 /* SummonerGameCell.swift */ = {isa = PBXFileReference; lastKnownFileType = sourcecode.swift; path = SummonerGameCell.swift; sourceTree = "<group>"; };
		F460D5EB28780F46009F3C31 /* GameResultView.swift */ = {isa = PBXFileReference; lastKnownFileType = sourcecode.swift; path = GameResultView.swift; sourceTree = "<group>"; };
		F460D5ED28781715009F3C31 /* GameBottomInfoView.swift */ = {isa = PBXFileReference; lastKnownFileType = sourcecode.swift; path = GameBottomInfoView.swift; sourceTree = "<group>"; };
		F460D5EF28782099009F3C31 /* GameTopInfoView.swift */ = {isa = PBXFileReference; lastKnownFileType = sourcecode.swift; path = GameTopInfoView.swift; sourceTree = "<group>"; };
		F460D5F128782707009F3C31 /* KDAInfoView.swift */ = {isa = PBXFileReference; lastKnownFileType = sourcecode.swift; path = KDAInfoView.swift; sourceTree = "<group>"; };
		F460D5F328782BAA009F3C31 /* GameTimeView.swift */ = {isa = PBXFileReference; lastKnownFileType = sourcecode.swift; path = GameTimeView.swift; sourceTree = "<group>"; };
		F460D5F628782FF0009F3C31 /* PaddingLabel.swift */ = {isa = PBXFileReference; lastKnownFileType = sourcecode.swift; path = PaddingLabel.swift; sourceTree = "<group>"; };
		F460D5F828786DF2009F3C31 /* UIImageView+Extensions.swift */ = {isa = PBXFileReference; lastKnownFileType = sourcecode.swift; path = "UIImageView+Extensions.swift"; sourceTree = "<group>"; };
		F460D5FD28786E7E009F3C31 /* ImageError.swift */ = {isa = PBXFileReference; lastKnownFileType = sourcecode.swift; path = ImageError.swift; sourceTree = "<group>"; };
		F460D602287943B0009F3C31 /* RecentGameAnalysisView.swift */ = {isa = PBXFileReference; lastKnownFileType = sourcecode.swift; path = RecentGameAnalysisView.swift; sourceTree = "<group>"; };
		F460D60628794894009F3C31 /* MostWinningView.swift */ = {isa = PBXFileReference; lastKnownFileType = sourcecode.swift; path = MostWinningView.swift; sourceTree = "<group>"; };
		F460D608287949DD009F3C31 /* WinningRateView.swift */ = {isa = PBXFileReference; lastKnownFileType = sourcecode.swift; path = WinningRateView.swift; sourceTree = "<group>"; };
		F460D60A28794FD8009F3C31 /* MostPositionView.swift */ = {isa = PBXFileReference; lastKnownFileType = sourcecode.swift; path = MostPositionView.swift; sourceTree = "<group>"; };
		F460D60C28795A37009F3C31 /* ImageViewWithLevel.swift */ = {isa = PBXFileReference; lastKnownFileType = sourcecode.swift; path = ImageViewWithLevel.swift; sourceTree = "<group>"; };
		F460D60E287962F8009F3C31 /* RightArrowView.swift */ = {isa = PBXFileReference; lastKnownFileType = sourcecode.swift; path = RightArrowView.swift; sourceTree = "<group>"; };
		F498E2E3287036E2008E647B /* OPGG-Mobile-Test.app */ = {isa = PBXFileReference; explicitFileType = wrapper.application; includeInIndex = 0; path = "OPGG-Mobile-Test.app"; sourceTree = BUILT_PRODUCTS_DIR; };
		F498E2E6287036E2008E647B /* AppDelegate.swift */ = {isa = PBXFileReference; lastKnownFileType = sourcecode.swift; path = AppDelegate.swift; sourceTree = "<group>"; };
		F498E2EA287036E2008E647B /* SummonerViewController.swift */ = {isa = PBXFileReference; lastKnownFileType = sourcecode.swift; path = SummonerViewController.swift; sourceTree = "<group>"; };
		F498E2EF287036E4008E647B /* Assets.xcassets */ = {isa = PBXFileReference; lastKnownFileType = folder.assetcatalog; path = Assets.xcassets; sourceTree = "<group>"; };
		F498E2F2287036E4008E647B /* Base */ = {isa = PBXFileReference; lastKnownFileType = file.storyboard; name = Base; path = Base.lproj/LaunchScreen.storyboard; sourceTree = "<group>"; };
		F498E2F4287036E4008E647B /* Info.plist */ = {isa = PBXFileReference; lastKnownFileType = text.plist.xml; path = Info.plist; sourceTree = "<group>"; };
		F4FEA9BE2870392900C5CBC2 /* BaseViewController.swift */ = {isa = PBXFileReference; lastKnownFileType = sourcecode.swift; path = BaseViewController.swift; sourceTree = "<group>"; };
		F4FEA9D228703EF400C5CBC2 /* Constant.swift */ = {isa = PBXFileReference; lastKnownFileType = sourcecode.swift; path = Constant.swift; sourceTree = "<group>"; };
		F4FEA9D528703F8100C5CBC2 /* SummonerRouter.swift */ = {isa = PBXFileReference; lastKnownFileType = sourcecode.swift; path = SummonerRouter.swift; sourceTree = "<group>"; };
		F4FEA9D82870407800C5CBC2 /* Summoner.swift */ = {isa = PBXFileReference; lastKnownFileType = sourcecode.swift; path = Summoner.swift; sourceTree = "<group>"; };
		F4FEA9DA2870423500C5CBC2 /* GameOfSummoner.swift */ = {isa = PBXFileReference; lastKnownFileType = sourcecode.swift; path = GameOfSummoner.swift; sourceTree = "<group>"; };
		F4FEA9DD287047B200C5CBC2 /* OPScoreBadge.swift */ = {isa = PBXFileReference; lastKnownFileType = sourcecode.swift; path = OPScoreBadge.swift; sourceTree = "<group>"; };
		F4FEA9DF287047D000C5CBC2 /* MostChampion.swift */ = {isa = PBXFileReference; lastKnownFileType = sourcecode.swift; path = MostChampion.swift; sourceTree = "<group>"; };
		F4FEA9E1287047D500C5CBC2 /* Game.swift */ = {isa = PBXFileReference; lastKnownFileType = sourcecode.swift; path = Game.swift; sourceTree = "<group>"; };
		F4FEA9E528706AA300C5CBC2 /* SummonerRepository.swift */ = {isa = PBXFileReference; lastKnownFileType = sourcecode.swift; path = SummonerRepository.swift; sourceTree = "<group>"; };
		F4FEA9E828706BC200C5CBC2 /* Moya+Rx.swift */ = {isa = PBXFileReference; lastKnownFileType = sourcecode.swift; path = "Moya+Rx.swift"; sourceTree = "<group>"; };
		F4FEA9EB28706C0600C5CBC2 /* NetworkError.swift */ = {isa = PBXFileReference; lastKnownFileType = sourcecode.swift; path = NetworkError.swift; sourceTree = "<group>"; };
		F4FEA9ED28706C3800C5CBC2 /* SummonerService.swift */ = {isa = PBXFileReference; lastKnownFileType = sourcecode.swift; path = SummonerService.swift; sourceTree = "<group>"; };
		F4FEA9F028706D6E00C5CBC2 /* SummonerViewModel.swift */ = {isa = PBXFileReference; lastKnownFileType = sourcecode.swift; path = SummonerViewModel.swift; sourceTree = "<group>"; };
		F4FEA9F22870708C00C5CBC2 /* UIViewController+Rx.swift */ = {isa = PBXFileReference; lastKnownFileType = sourcecode.swift; path = "UIViewController+Rx.swift"; sourceTree = "<group>"; };
/* End PBXFileReference section */

/* Begin PBXFrameworksBuildPhase section */
		F498E2E0287036E2008E647B /* Frameworks */ = {
			isa = PBXFrameworksBuildPhase;
			buildActionMask = 2147483647;
			files = (
				F4FEA9D1287039D100C5CBC2 /* RxOptional in Frameworks */,
				F4FEA9CE287039BC00C5CBC2 /* RxMoya in Frameworks */,
				F4FEA9C72870398900C5CBC2 /* RxSwift in Frameworks */,
				F460D5FC28786E15009F3C31 /* Kingfisher in Frameworks */,
				F4FEA9C52870398900C5CBC2 /* RxCocoa in Frameworks */,
				F4FEA9CA287039BC00C5CBC2 /* Moya in Frameworks */,
				F460D5D82876BDF5009F3C31 /* RxDataSources in Frameworks */,
				F4FEA9CC287039BC00C5CBC2 /* ReactiveMoya in Frameworks */,
				F4FEA9C22870396400C5CBC2 /* SnapKit in Frameworks */,
			);
			runOnlyForDeploymentPostprocessing = 0;
		};
/* End PBXFrameworksBuildPhase section */

/* Begin PBXGroup section */
		F460D5DD287727B2009F3C31 /* Extensions */ = {
			isa = PBXGroup;
			children = (
				F460D5DE287727BE009F3C31 /* NSObject+Extensions.swift */,
				F460D5F828786DF2009F3C31 /* UIImageView+Extensions.swift */,
			);
			path = Extensions;
			sourceTree = "<group>";
		};
		F460D5EA28780F21009F3C31 /* subviews */ = {
			isa = PBXGroup;
			children = (
				F460D60128794341009F3C31 /* Analysis */,
				F460D60028794336009F3C31 /* game */,
			);
			path = subviews;
			sourceTree = "<group>";
		};
		F460D5F528782FE2009F3C31 /* Components */ = {
			isa = PBXGroup;
			children = (
				F460D5F628782FF0009F3C31 /* PaddingLabel.swift */,
			);
			path = Components;
			sourceTree = "<group>";
		};
		F460D60028794336009F3C31 /* game */ = {
			isa = PBXGroup;
			children = (
				F460D5EB28780F46009F3C31 /* GameResultView.swift */,
				F460D5ED28781715009F3C31 /* GameBottomInfoView.swift */,
				F460D5EF28782099009F3C31 /* GameTopInfoView.swift */,
				F460D5F128782707009F3C31 /* KDAInfoView.swift */,
				F460D5F328782BAA009F3C31 /* GameTimeView.swift */,
			);
			path = game;
			sourceTree = "<group>";
		};
		F460D60128794341009F3C31 /* Analysis */ = {
			isa = PBXGroup;
			children = (
				F460D602287943B0009F3C31 /* RecentGameAnalysisView.swift */,
				F460D60628794894009F3C31 /* MostWinningView.swift */,
				F460D608287949DD009F3C31 /* WinningRateView.swift */,
				F460D60A28794FD8009F3C31 /* MostPositionView.swift */,
			);
			path = Analysis;
			sourceTree = "<group>";
		};
		F498E2DA287036E2008E647B = {
			isa = PBXGroup;
			children = (
				F498E2E5287036E2008E647B /* OPGG-Mobile-Test */,
				F498E2E4287036E2008E647B /* Products */,
			);
			sourceTree = "<group>";
		};
		F498E2E4287036E2008E647B /* Products */ = {
			isa = PBXGroup;
			children = (
				F498E2E3287036E2008E647B /* OPGG-Mobile-Test.app */,
			);
			name = Products;
			sourceTree = "<group>";
		};
		F498E2E5287036E2008E647B /* OPGG-Mobile-Test */ = {
			isa = PBXGroup;
			children = (
				F498E2FB2870376C008E647B /* Source */,
				F498E2FA2870373C008E647B /* Resource */,
			);
			path = "OPGG-Mobile-Test";
			sourceTree = "<group>";
		};
		F498E2FA2870373C008E647B /* Resource */ = {
			isa = PBXGroup;
			children = (
				F498E2EF287036E4008E647B /* Assets.xcassets */,
				F498E2F1287036E4008E647B /* LaunchScreen.storyboard */,
				F498E2F4287036E4008E647B /* Info.plist */,
			);
			path = Resource;
			sourceTree = "<group>";
		};
		F498E2FB2870376C008E647B /* Source */ = {
			isa = PBXGroup;
			children = (
				F460D5F528782FE2009F3C31 /* Components */,
				F498E2E6287036E2008E647B /* AppDelegate.swift */,
				F4FEA9D228703EF400C5CBC2 /* Constant.swift */,
				F4FEA9DC287047A700C5CBC2 /* Enum */,
				F460D5DD287727B2009F3C31 /* Extensions */,
				F4FEA9D72870407000C5CBC2 /* Model */,
				F498E2FC28703776008E647B /* Present */,
				F4FEA9E328706A8700C5CBC2 /* Repository */,
				F4FEA9D428703F7000C5CBC2 /* Router */,
				F4FEA9E728706BAF00C5CBC2 /* Rx */,
				F4FEA9E428706A9000C5CBC2 /* Service */,
				F4FEA9EF28706D6400C5CBC2 /* ViewModel */,
			);
			path = Source;
			sourceTree = "<group>";
		};
		F498E2FC28703776008E647B /* Present */ = {
			isa = PBXGroup;
			children = (
				F460D5EA28780F21009F3C31 /* subviews */,
				F498E2EA287036E2008E647B /* SummonerViewController.swift */,
				F460D5E828780CEF009F3C31 /* SummonerGameCell.swift */,
				F460D5E6287806F2009F3C31 /* SummonerAnalysisCell.swift */,
				F460D5E42877FF88009F3C31 /* SummonerTierSectionCell.swift */,
				F460D5E02877D01A009F3C31 /* SummonerTierCell.swift */,
				F460D60E287962F8009F3C31 /* RightArrowView.swift */,
				F460D5DB2877270B009F3C31 /* SummonerInfoCell.swift */,
				F460D60C28795A37009F3C31 /* ImageViewWithLevel.swift */,
				F4FEA9BE2870392900C5CBC2 /* BaseViewController.swift */,
			);
			path = Present;
			sourceTree = "<group>";
		};
		F4FEA9D428703F7000C5CBC2 /* Router */ = {
			isa = PBXGroup;
			children = (
				F4FEA9D528703F8100C5CBC2 /* SummonerRouter.swift */,
			);
			path = Router;
			sourceTree = "<group>";
		};
		F4FEA9D72870407000C5CBC2 /* Model */ = {
			isa = PBXGroup;
			children = (
				F4FEA9D82870407800C5CBC2 /* Summoner.swift */,
				F4FEA9DA2870423500C5CBC2 /* GameOfSummoner.swift */,
				F4FEA9E1287047D500C5CBC2 /* Game.swift */,
				F4FEA9DF287047D000C5CBC2 /* MostChampion.swift */,
			);
			path = Model;
			sourceTree = "<group>";
		};
		F4FEA9DC287047A700C5CBC2 /* Enum */ = {
			isa = PBXGroup;
			children = (
				F4FEA9EA28706BFF00C5CBC2 /* Error */,
				F4FEA9DD287047B200C5CBC2 /* OPScoreBadge.swift */,
			);
			path = Enum;
			sourceTree = "<group>";
		};
		F4FEA9E328706A8700C5CBC2 /* Repository */ = {
			isa = PBXGroup;
			children = (
				F4FEA9E528706AA300C5CBC2 /* SummonerRepository.swift */,
			);
			path = Repository;
			sourceTree = "<group>";
		};
		F4FEA9E428706A9000C5CBC2 /* Service */ = {
			isa = PBXGroup;
			children = (
				F4FEA9ED28706C3800C5CBC2 /* SummonerService.swift */,
			);
			path = Service;
			sourceTree = "<group>";
		};
		F4FEA9E728706BAF00C5CBC2 /* Rx */ = {
			isa = PBXGroup;
			children = (
				F4FEA9E828706BC200C5CBC2 /* Moya+Rx.swift */,
				F4FEA9F22870708C00C5CBC2 /* UIViewController+Rx.swift */,
			);
			path = Rx;
			sourceTree = "<group>";
		};
		F4FEA9EA28706BFF00C5CBC2 /* Error */ = {
			isa = PBXGroup;
			children = (
				F4FEA9EB28706C0600C5CBC2 /* NetworkError.swift */,
				F460D5FD28786E7E009F3C31 /* ImageError.swift */,
			);
			path = Error;
			sourceTree = "<group>";
		};
		F4FEA9EF28706D6400C5CBC2 /* ViewModel */ = {
			isa = PBXGroup;
			children = (
				F4FEA9F028706D6E00C5CBC2 /* SummonerViewModel.swift */,
			);
			path = ViewModel;
			sourceTree = "<group>";
		};
/* End PBXGroup section */

/* Begin PBXNativeTarget section */
		F498E2E2287036E2008E647B /* OPGG-Mobile-Test */ = {
			isa = PBXNativeTarget;
			buildConfigurationList = F498E2F7287036E4008E647B /* Build configuration list for PBXNativeTarget "OPGG-Mobile-Test" */;
			buildPhases = (
				F498E2DF287036E2008E647B /* Sources */,
				F498E2E0287036E2008E647B /* Frameworks */,
				F498E2E1287036E2008E647B /* Resources */,
			);
			buildRules = (
			);
			dependencies = (
			);
			name = "OPGG-Mobile-Test";
			packageProductDependencies = (
				F4FEA9C12870396400C5CBC2 /* SnapKit */,
				F4FEA9C42870398900C5CBC2 /* RxCocoa */,
				F4FEA9C62870398900C5CBC2 /* RxSwift */,
				F4FEA9C9287039BC00C5CBC2 /* Moya */,
				F4FEA9CB287039BC00C5CBC2 /* ReactiveMoya */,
				F4FEA9CD287039BC00C5CBC2 /* RxMoya */,
				F4FEA9D0287039D100C5CBC2 /* RxOptional */,
				F460D5D72876BDF5009F3C31 /* RxDataSources */,
				F460D5FB28786E15009F3C31 /* Kingfisher */,
			);
			productName = "OPGG-Mobile-Test";
			productReference = F498E2E3287036E2008E647B /* OPGG-Mobile-Test.app */;
			productType = "com.apple.product-type.application";
		};
/* End PBXNativeTarget section */

/* Begin PBXProject section */
		F498E2DB287036E2008E647B /* Project object */ = {
			isa = PBXProject;
			attributes = {
				BuildIndependentTargetsInParallel = 1;
				LastSwiftUpdateCheck = 1340;
				LastUpgradeCheck = 1340;
				TargetAttributes = {
					F498E2E2287036E2008E647B = {
						CreatedOnToolsVersion = 13.4.1;
					};
				};
			};
			buildConfigurationList = F498E2DE287036E2008E647B /* Build configuration list for PBXProject "OPGG-Mobile-Test" */;
			compatibilityVersion = "Xcode 13.0";
			developmentRegion = en;
			hasScannedForEncodings = 0;
			knownRegions = (
				en,
				Base,
			);
			mainGroup = F498E2DA287036E2008E647B;
			packageReferences = (
				F4FEA9C02870396400C5CBC2 /* XCRemoteSwiftPackageReference "SnapKit" */,
				F4FEA9C32870398900C5CBC2 /* XCRemoteSwiftPackageReference "RxSwift" */,
				F4FEA9C8287039BC00C5CBC2 /* XCRemoteSwiftPackageReference "Moya" */,
				F4FEA9CF287039D100C5CBC2 /* XCRemoteSwiftPackageReference "RxOptional" */,
				F460D5D62876BDF5009F3C31 /* XCRemoteSwiftPackageReference "RxDataSources" */,
				F460D5FA28786E15009F3C31 /* XCRemoteSwiftPackageReference "Kingfisher" */,
			);
			productRefGroup = F498E2E4287036E2008E647B /* Products */;
			projectDirPath = "";
			projectRoot = "";
			targets = (
				F498E2E2287036E2008E647B /* OPGG-Mobile-Test */,
			);
		};
/* End PBXProject section */

/* Begin PBXResourcesBuildPhase section */
		F498E2E1287036E2008E647B /* Resources */ = {
			isa = PBXResourcesBuildPhase;
			buildActionMask = 2147483647;
			files = (
				F498E2F3287036E4008E647B /* LaunchScreen.storyboard in Resources */,
				F498E2F0287036E4008E647B /* Assets.xcassets in Resources */,
			);
			runOnlyForDeploymentPostprocessing = 0;
		};
/* End PBXResourcesBuildPhase section */

/* Begin PBXSourcesBuildPhase section */
		F498E2DF287036E2008E647B /* Sources */ = {
			isa = PBXSourcesBuildPhase;
			buildActionMask = 2147483647;
			files = (
				F460D5F928786DF2009F3C31 /* UIImageView+Extensions.swift in Sources */,
				F4FEA9D628703F8100C5CBC2 /* SummonerRouter.swift in Sources */,
				F4FEA9E2287047D500C5CBC2 /* Game.swift in Sources */,
				F460D60F287962F8009F3C31 /* RightArrowView.swift in Sources */,
				F498E2EB287036E2008E647B /* SummonerViewController.swift in Sources */,
				F4FEA9DB2870423500C5CBC2 /* GameOfSummoner.swift in Sources */,
				F460D5F428782BAB009F3C31 /* GameTimeView.swift in Sources */,
				F4FEA9E628706AA300C5CBC2 /* SummonerRepository.swift in Sources */,
				F4FEA9DE287047B200C5CBC2 /* OPScoreBadge.swift in Sources */,
				F460D60728794894009F3C31 /* MostWinningView.swift in Sources */,
				F4FEA9F32870708C00C5CBC2 /* UIViewController+Rx.swift in Sources */,
				F4FEA9F128706D6E00C5CBC2 /* SummonerViewModel.swift in Sources */,
				F460D5DC2877270B009F3C31 /* SummonerInfoCell.swift in Sources */,
				F460D603287943B0009F3C31 /* RecentGameAnalysisView.swift in Sources */,
				F498E2E7287036E2008E647B /* AppDelegate.swift in Sources */,
				F460D5FE28786E7E009F3C31 /* ImageError.swift in Sources */,
				F460D5E7287806F2009F3C31 /* SummonerAnalysisCell.swift in Sources */,
				F4FEA9E928706BC200C5CBC2 /* Moya+Rx.swift in Sources */,
				F460D5E928780CEF009F3C31 /* SummonerGameCell.swift in Sources */,
				F460D60B28794FD9009F3C31 /* MostPositionView.swift in Sources */,
				F460D5F028782099009F3C31 /* GameTopInfoView.swift in Sources */,
				F460D5F228782707009F3C31 /* KDAInfoView.swift in Sources */,
				F460D5E52877FF88009F3C31 /* SummonerTierSectionCell.swift in Sources */,
				F4FEA9BF2870392900C5CBC2 /* BaseViewController.swift in Sources */,
				F4FEA9D328703EF500C5CBC2 /* Constant.swift in Sources */,
				F460D5F728782FF0009F3C31 /* PaddingLabel.swift in Sources */,
				F460D5EE28781715009F3C31 /* GameBottomInfoView.swift in Sources */,
				F460D60D28795A37009F3C31 /* ImageViewWithLevel.swift in Sources */,
				F4FEA9EC28706C0600C5CBC2 /* NetworkError.swift in Sources */,
				F4FEA9E0287047D000C5CBC2 /* MostChampion.swift in Sources */,
				F460D609287949DD009F3C31 /* WinningRateView.swift in Sources */,
				F460D5EC28780F46009F3C31 /* GameResultView.swift in Sources */,
				F4FEA9D92870407900C5CBC2 /* Summoner.swift in Sources */,
				F460D5DF287727BE009F3C31 /* NSObject+Extensions.swift in Sources */,
				F460D5E12877D01A009F3C31 /* SummonerTierCell.swift in Sources */,
				F4FEA9EE28706C3800C5CBC2 /* SummonerService.swift in Sources */,
			);
			runOnlyForDeploymentPostprocessing = 0;
		};
/* End PBXSourcesBuildPhase section */

/* Begin PBXVariantGroup section */
		F498E2F1287036E4008E647B /* LaunchScreen.storyboard */ = {
			isa = PBXVariantGroup;
			children = (
				F498E2F2287036E4008E647B /* Base */,
			);
			name = LaunchScreen.storyboard;
			sourceTree = "<group>";
		};
/* End PBXVariantGroup section */

/* Begin XCBuildConfiguration section */
		F498E2F5287036E4008E647B /* Debug */ = {
			isa = XCBuildConfiguration;
			buildSettings = {
				ALWAYS_SEARCH_USER_PATHS = NO;
				CLANG_ANALYZER_NONNULL = YES;
				CLANG_ANALYZER_NUMBER_OBJECT_CONVERSION = YES_AGGRESSIVE;
				CLANG_CXX_LANGUAGE_STANDARD = "gnu++17";
				CLANG_ENABLE_MODULES = YES;
				CLANG_ENABLE_OBJC_ARC = YES;
				CLANG_ENABLE_OBJC_WEAK = YES;
				CLANG_WARN_BLOCK_CAPTURE_AUTORELEASING = YES;
				CLANG_WARN_BOOL_CONVERSION = YES;
				CLANG_WARN_COMMA = YES;
				CLANG_WARN_CONSTANT_CONVERSION = YES;
				CLANG_WARN_DEPRECATED_OBJC_IMPLEMENTATIONS = YES;
				CLANG_WARN_DIRECT_OBJC_ISA_USAGE = YES_ERROR;
				CLANG_WARN_DOCUMENTATION_COMMENTS = YES;
				CLANG_WARN_EMPTY_BODY = YES;
				CLANG_WARN_ENUM_CONVERSION = YES;
				CLANG_WARN_INFINITE_RECURSION = YES;
				CLANG_WARN_INT_CONVERSION = YES;
				CLANG_WARN_NON_LITERAL_NULL_CONVERSION = YES;
				CLANG_WARN_OBJC_IMPLICIT_RETAIN_SELF = YES;
				CLANG_WARN_OBJC_LITERAL_CONVERSION = YES;
				CLANG_WARN_OBJC_ROOT_CLASS = YES_ERROR;
				CLANG_WARN_QUOTED_INCLUDE_IN_FRAMEWORK_HEADER = YES;
				CLANG_WARN_RANGE_LOOP_ANALYSIS = YES;
				CLANG_WARN_STRICT_PROTOTYPES = YES;
				CLANG_WARN_SUSPICIOUS_MOVE = YES;
				CLANG_WARN_UNGUARDED_AVAILABILITY = YES_AGGRESSIVE;
				CLANG_WARN_UNREACHABLE_CODE = YES;
				CLANG_WARN__DUPLICATE_METHOD_MATCH = YES;
				COPY_PHASE_STRIP = NO;
				DEBUG_INFORMATION_FORMAT = dwarf;
				ENABLE_STRICT_OBJC_MSGSEND = YES;
				ENABLE_TESTABILITY = YES;
				GCC_C_LANGUAGE_STANDARD = gnu11;
				GCC_DYNAMIC_NO_PIC = NO;
				GCC_NO_COMMON_BLOCKS = YES;
				GCC_OPTIMIZATION_LEVEL = 0;
				GCC_PREPROCESSOR_DEFINITIONS = (
					"DEBUG=1",
					"$(inherited)",
				);
				GCC_WARN_64_TO_32_BIT_CONVERSION = YES;
				GCC_WARN_ABOUT_RETURN_TYPE = YES_ERROR;
				GCC_WARN_UNDECLARED_SELECTOR = YES;
				GCC_WARN_UNINITIALIZED_AUTOS = YES_AGGRESSIVE;
				GCC_WARN_UNUSED_FUNCTION = YES;
				GCC_WARN_UNUSED_VARIABLE = YES;
				IPHONEOS_DEPLOYMENT_TARGET = 10.0;
				MTL_ENABLE_DEBUG_INFO = INCLUDE_SOURCE;
				MTL_FAST_MATH = YES;
				ONLY_ACTIVE_ARCH = YES;
				SDKROOT = iphoneos;
				SWIFT_ACTIVE_COMPILATION_CONDITIONS = DEBUG;
				SWIFT_OPTIMIZATION_LEVEL = "-Onone";
			};
			name = Debug;
		};
		F498E2F6287036E4008E647B /* Release */ = {
			isa = XCBuildConfiguration;
			buildSettings = {
				ALWAYS_SEARCH_USER_PATHS = NO;
				CLANG_ANALYZER_NONNULL = YES;
				CLANG_ANALYZER_NUMBER_OBJECT_CONVERSION = YES_AGGRESSIVE;
				CLANG_CXX_LANGUAGE_STANDARD = "gnu++17";
				CLANG_ENABLE_MODULES = YES;
				CLANG_ENABLE_OBJC_ARC = YES;
				CLANG_ENABLE_OBJC_WEAK = YES;
				CLANG_WARN_BLOCK_CAPTURE_AUTORELEASING = YES;
				CLANG_WARN_BOOL_CONVERSION = YES;
				CLANG_WARN_COMMA = YES;
				CLANG_WARN_CONSTANT_CONVERSION = YES;
				CLANG_WARN_DEPRECATED_OBJC_IMPLEMENTATIONS = YES;
				CLANG_WARN_DIRECT_OBJC_ISA_USAGE = YES_ERROR;
				CLANG_WARN_DOCUMENTATION_COMMENTS = YES;
				CLANG_WARN_EMPTY_BODY = YES;
				CLANG_WARN_ENUM_CONVERSION = YES;
				CLANG_WARN_INFINITE_RECURSION = YES;
				CLANG_WARN_INT_CONVERSION = YES;
				CLANG_WARN_NON_LITERAL_NULL_CONVERSION = YES;
				CLANG_WARN_OBJC_IMPLICIT_RETAIN_SELF = YES;
				CLANG_WARN_OBJC_LITERAL_CONVERSION = YES;
				CLANG_WARN_OBJC_ROOT_CLASS = YES_ERROR;
				CLANG_WARN_QUOTED_INCLUDE_IN_FRAMEWORK_HEADER = YES;
				CLANG_WARN_RANGE_LOOP_ANALYSIS = YES;
				CLANG_WARN_STRICT_PROTOTYPES = YES;
				CLANG_WARN_SUSPICIOUS_MOVE = YES;
				CLANG_WARN_UNGUARDED_AVAILABILITY = YES_AGGRESSIVE;
				CLANG_WARN_UNREACHABLE_CODE = YES;
				CLANG_WARN__DUPLICATE_METHOD_MATCH = YES;
				COPY_PHASE_STRIP = NO;
				DEBUG_INFORMATION_FORMAT = "dwarf-with-dsym";
				ENABLE_NS_ASSERTIONS = NO;
				ENABLE_STRICT_OBJC_MSGSEND = YES;
				GCC_C_LANGUAGE_STANDARD = gnu11;
				GCC_NO_COMMON_BLOCKS = YES;
				GCC_WARN_64_TO_32_BIT_CONVERSION = YES;
				GCC_WARN_ABOUT_RETURN_TYPE = YES_ERROR;
				GCC_WARN_UNDECLARED_SELECTOR = YES;
				GCC_WARN_UNINITIALIZED_AUTOS = YES_AGGRESSIVE;
				GCC_WARN_UNUSED_FUNCTION = YES;
				GCC_WARN_UNUSED_VARIABLE = YES;
				IPHONEOS_DEPLOYMENT_TARGET = 10.0;
				MTL_ENABLE_DEBUG_INFO = NO;
				MTL_FAST_MATH = YES;
				SDKROOT = iphoneos;
				SWIFT_COMPILATION_MODE = wholemodule;
				SWIFT_OPTIMIZATION_LEVEL = "-O";
				VALIDATE_PRODUCT = YES;
			};
			name = Release;
		};
		F498E2F8287036E4008E647B /* Debug */ = {
			isa = XCBuildConfiguration;
			buildSettings = {
				ASSETCATALOG_COMPILER_APPICON_NAME = AppIcon;
				ASSETCATALOG_COMPILER_GLOBAL_ACCENT_COLOR_NAME = AccentColor;
				CODE_SIGN_STYLE = Automatic;
				CURRENT_PROJECT_VERSION = 1;
				DEVELOPMENT_TEAM = 22VQ353X6R;
				GENERATE_INFOPLIST_FILE = YES;
				INFOPLIST_FILE = "OPGG-Mobile-Test/Resource/Info.plist";
				INFOPLIST_KEY_UIApplicationSupportsIndirectInputEvents = YES;
				INFOPLIST_KEY_UILaunchStoryboardName = LaunchScreen;
				INFOPLIST_KEY_UISupportedInterfaceOrientations_iPad = "UIInterfaceOrientationPortrait UIInterfaceOrientationPortraitUpsideDown UIInterfaceOrientationLandscapeLeft UIInterfaceOrientationLandscapeRight";
				INFOPLIST_KEY_UISupportedInterfaceOrientations_iPhone = "UIInterfaceOrientationPortrait UIInterfaceOrientationLandscapeLeft UIInterfaceOrientationLandscapeRight";
				IPHONEOS_DEPLOYMENT_TARGET = 10.0;
				LD_RUNPATH_SEARCH_PATHS = (
					"$(inherited)",
					"@executable_path/Frameworks",
				);
				MARKETING_VERSION = 1.0;
				PRODUCT_BUNDLE_IDENTIFIER = "com.taewoo.OPGG-Mobile-Test";
				PRODUCT_NAME = "$(TARGET_NAME)";
				SWIFT_EMIT_LOC_STRINGS = YES;
				SWIFT_VERSION = 5.0;
				TARGETED_DEVICE_FAMILY = 1;
			};
			name = Debug;
		};
		F498E2F9287036E4008E647B /* Release */ = {
			isa = XCBuildConfiguration;
			buildSettings = {
				ASSETCATALOG_COMPILER_APPICON_NAME = AppIcon;
				ASSETCATALOG_COMPILER_GLOBAL_ACCENT_COLOR_NAME = AccentColor;
				CODE_SIGN_STYLE = Automatic;
				CURRENT_PROJECT_VERSION = 1;
				DEVELOPMENT_TEAM = 22VQ353X6R;
				GENERATE_INFOPLIST_FILE = YES;
				INFOPLIST_FILE = "OPGG-Mobile-Test/Resource/Info.plist";
				INFOPLIST_KEY_UIApplicationSupportsIndirectInputEvents = YES;
				INFOPLIST_KEY_UILaunchStoryboardName = LaunchScreen;
				INFOPLIST_KEY_UISupportedInterfaceOrientations_iPad = "UIInterfaceOrientationPortrait UIInterfaceOrientationPortraitUpsideDown UIInterfaceOrientationLandscapeLeft UIInterfaceOrientationLandscapeRight";
				INFOPLIST_KEY_UISupportedInterfaceOrientations_iPhone = "UIInterfaceOrientationPortrait UIInterfaceOrientationLandscapeLeft UIInterfaceOrientationLandscapeRight";
				IPHONEOS_DEPLOYMENT_TARGET = 10.0;
				LD_RUNPATH_SEARCH_PATHS = (
					"$(inherited)",
					"@executable_path/Frameworks",
				);
				MARKETING_VERSION = 1.0;
				PRODUCT_BUNDLE_IDENTIFIER = "com.taewoo.OPGG-Mobile-Test";
				PRODUCT_NAME = "$(TARGET_NAME)";
				SWIFT_EMIT_LOC_STRINGS = YES;
				SWIFT_VERSION = 5.0;
				TARGETED_DEVICE_FAMILY = 1;
			};
			name = Release;
		};
/* End XCBuildConfiguration section */

/* Begin XCConfigurationList section */
		F498E2DE287036E2008E647B /* Build configuration list for PBXProject "OPGG-Mobile-Test" */ = {
			isa = XCConfigurationList;
			buildConfigurations = (
				F498E2F5287036E4008E647B /* Debug */,
				F498E2F6287036E4008E647B /* Release */,
			);
			defaultConfigurationIsVisible = 0;
			defaultConfigurationName = Release;
		};
		F498E2F7287036E4008E647B /* Build configuration list for PBXNativeTarget "OPGG-Mobile-Test" */ = {
			isa = XCConfigurationList;
			buildConfigurations = (
				F498E2F8287036E4008E647B /* Debug */,
				F498E2F9287036E4008E647B /* Release */,
			);
			defaultConfigurationIsVisible = 0;
			defaultConfigurationName = Release;
		};
/* End XCConfigurationList section */

/* Begin XCRemoteSwiftPackageReference section */
		F460D5D62876BDF5009F3C31 /* XCRemoteSwiftPackageReference "RxDataSources" */ = {
			isa = XCRemoteSwiftPackageReference;
			repositoryURL = "https://github.com/RxSwiftCommunity/RxDataSources.git";
			requirement = {
				kind = upToNextMajorVersion;
				minimumVersion = 5.0.0;
			};
		};
		F460D5FA28786E15009F3C31 /* XCRemoteSwiftPackageReference "Kingfisher" */ = {
			isa = XCRemoteSwiftPackageReference;
			repositoryURL = "https://github.com/onevcat/Kingfisher.git";
			requirement = {
				kind = exactVersion;
				version = 6.3.1;
			};
		};
		F4FEA9C02870396400C5CBC2 /* XCRemoteSwiftPackageReference "SnapKit" */ = {
			isa = XCRemoteSwiftPackageReference;
			repositoryURL = "https://github.com/SnapKit/SnapKit.git";
			requirement = {
				kind = upToNextMajorVersion;
				minimumVersion = 5.0.0;
			};
		};
		F4FEA9C32870398900C5CBC2 /* XCRemoteSwiftPackageReference "RxSwift" */ = {
			isa = XCRemoteSwiftPackageReference;
			repositoryURL = "https://github.com/ReactiveX/RxSwift.git";
			requirement = {
				kind = upToNextMajorVersion;
				minimumVersion = 6.0.0;
			};
		};
		F4FEA9C8287039BC00C5CBC2 /* XCRemoteSwiftPackageReference "Moya" */ = {
			isa = XCRemoteSwiftPackageReference;
			repositoryURL = "https://github.com/Moya/Moya.git";
			requirement = {
				kind = upToNextMajorVersion;
				minimumVersion = 15.0.0;
			};
		};
		F4FEA9CF287039D100C5CBC2 /* XCRemoteSwiftPackageReference "RxOptional" */ = {
			isa = XCRemoteSwiftPackageReference;
			repositoryURL = "https://github.com/RxSwiftCommunity/RxOptional";
			requirement = {
				kind = upToNextMajorVersion;
				minimumVersion = 5.0.0;
			};
		};
/* End XCRemoteSwiftPackageReference section */

/* Begin XCSwiftPackageProductDependency section */
		F460D5D72876BDF5009F3C31 /* RxDataSources */ = {
			isa = XCSwiftPackageProductDependency;
			package = F460D5D62876BDF5009F3C31 /* XCRemoteSwiftPackageReference "RxDataSources" */;
			productName = RxDataSources;
		};
		F460D5FB28786E15009F3C31 /* Kingfisher */ = {
			isa = XCSwiftPackageProductDependency;
			package = F460D5FA28786E15009F3C31 /* XCRemoteSwiftPackageReference "Kingfisher" */;
			productName = Kingfisher;
		};
		F4FEA9C12870396400C5CBC2 /* SnapKit */ = {
			isa = XCSwiftPackageProductDependency;
			package = F4FEA9C02870396400C5CBC2 /* XCRemoteSwiftPackageReference "SnapKit" */;
			productName = SnapKit;
		};
		F4FEA9C42870398900C5CBC2 /* RxCocoa */ = {
			isa = XCSwiftPackageProductDependency;
			package = F4FEA9C32870398900C5CBC2 /* XCRemoteSwiftPackageReference "RxSwift" */;
			productName = RxCocoa;
		};
		F4FEA9C62870398900C5CBC2 /* RxSwift */ = {
			isa = XCSwiftPackageProductDependency;
			package = F4FEA9C32870398900C5CBC2 /* XCRemoteSwiftPackageReference "RxSwift" */;
			productName = RxSwift;
		};
		F4FEA9C9287039BC00C5CBC2 /* Moya */ = {
			isa = XCSwiftPackageProductDependency;
			package = F4FEA9C8287039BC00C5CBC2 /* XCRemoteSwiftPackageReference "Moya" */;
			productName = Moya;
		};
		F4FEA9CB287039BC00C5CBC2 /* ReactiveMoya */ = {
			isa = XCSwiftPackageProductDependency;
			package = F4FEA9C8287039BC00C5CBC2 /* XCRemoteSwiftPackageReference "Moya" */;
			productName = ReactiveMoya;
		};
		F4FEA9CD287039BC00C5CBC2 /* RxMoya */ = {
			isa = XCSwiftPackageProductDependency;
			package = F4FEA9C8287039BC00C5CBC2 /* XCRemoteSwiftPackageReference "Moya" */;
			productName = RxMoya;
		};
		F4FEA9D0287039D100C5CBC2 /* RxOptional */ = {
			isa = XCSwiftPackageProductDependency;
			package = F4FEA9CF287039D100C5CBC2 /* XCRemoteSwiftPackageReference "RxOptional" */;
			productName = RxOptional;
		};
/* End XCSwiftPackageProductDependency section */
	};
	rootObject = F498E2DB287036E2008E647B /* Project object */;
}
